
Microsoft Visual Studio Solution File, Format Version 12.00
# Visual Studio Version 17
VisualStudioVersion = 17.0.31903.59
MinimumVisualStudioVersion = 10.0.40219.1
Project("{FAE04EC0-301F-11D3-BF4B-00C04F79EFBC}") = "MVVMLightCodeGenerator_Example", "MVVMLightCodeGenerator_Example\MVVMLightCodeGenerator_Example.csproj", "{8265C9D6-593D-47E9-B023-C4A14D658074}"
EndProject
Global
	GlobalSection(SolutionConfigurationPlatforms) = preSolution
		Debug|Any CPU = Debug|Any CPU
		Release|Any CPU = Release|Any CPU
	EndGlobalSection
	GlobalSection(ProjectConfigurationPlatforms) = postSolution
		{8265C9D6-593D-47E9-B023-C4A14D658074}.Debug|Any CPU.ActiveCfg = Debug|Any CPU
		{8265C9D6-593D-47E9-B023-C4A14D658074}.Debug|Any CPU.Build.0 = Debug|Any CPU
		{8265C9D6-593D-47E9-B023-C4A14D658074}.Release|Any CPU.ActiveCfg = Release|Any CPU
		{8265C9D6-593D-47E9-B023-C4A14D658074}.Release|Any CPU.Build.0 = Release|Any CPU
	EndGlobalSection
	GlobalSection(SolutionProperties) = preSolution
		HideSolutionNode = FALSE
	EndGlobalSection
	GlobalSection(ExtensibilityGlobals) = postSolution
		SolutionGuid = {90BB4838-8A15-4A98-A785-1F5F4DFEFA04}
	EndGlobalSection
EndGlobal
